
Microsoft Visual Studio Solution File, Format Version 12.00
Project("{FAE04EC0-301F-11D3-BF4B-00C04F79EFBC}") = "Kolokwium1", "Kolokwium1\Kolokwium1.csproj", "{F594CAF5-A46C-4A90-866B-E86D50DD492F}"
EndProject
Global
	GlobalSection(SolutionConfigurationPlatforms) = preSolution
		Debug|Any CPU = Debug|Any CPU
		Release|Any CPU = Release|Any CPU
	EndGlobalSection
	GlobalSection(ProjectConfigurationPlatforms) = postSolution
		{F594CAF5-A46C-4A90-866B-E86D50DD492F}.Debug|Any CPU.ActiveCfg = Debug|Any CPU
		{F594CAF5-A46C-4A90-866B-E86D50DD492F}.Debug|Any CPU.Build.0 = Debug|Any CPU
		{F594CAF5-A46C-4A90-866B-E86D50DD492F}.Release|Any CPU.ActiveCfg = Release|Any CPU
		{F594CAF5-A46C-4A90-866B-E86D50DD492F}.Release|Any CPU.Build.0 = Release|Any CPU
	EndGlobalSection
EndGlobal
